// !$*UTF8*$!
{
	archiveVersion = 1;
	classes = {
	};
	objectVersion = 46;
	objects = {

/* Begin PBXBuildFile section */
		7F00E1221BE1F310006AFE9F /* UVModelView.m in Sources */ = {isa = PBXBuildFile; fileRef = 7F00E1211BE1F310006AFE9F /* UVModelView.m */; };
		7F0D50181B8D8A8B0017359F /* NSString+UVUtils.m in Sources */ = {isa = PBXBuildFile; fileRef = 7F0D50171B8D8A8B0017359F /* NSString+UVUtils.m */; };
		7F0D501B1B8DA94A0017359F /* UVValidate.m in Sources */ = {isa = PBXBuildFile; fileRef = 7F0D501A1B8DA94A0017359F /* UVValidate.m */; };
		7F1498691B95890C00950789 /* UIScrollView+UVUtils.m in Sources */ = {isa = PBXBuildFile; fileRef = 7F1498681B95890C00950789 /* UIScrollView+UVUtils.m */; };
		7F182DA21BF47CD400D55C3C /* UVToolbarDatepickerView.m in Sources */ = {isa = PBXBuildFile; fileRef = 7F182DA11BF47CD400D55C3C /* UVToolbarDatepickerView.m */; };
		7F6D0C4C1B704E7D00A15571 /* UIImageView+Utils.m in Sources */ = {isa = PBXBuildFile; fileRef = 7F6D0C4B1B704E7D00A15571 /* UIImageView+Utils.m */; };
		7F6D0CF51B731DAC00A15571 /* NSDate+Utils.m in Sources */ = {isa = PBXBuildFile; fileRef = 7F6D0CF41B731DAC00A15571 /* NSDate+Utils.m */; };
		7F6D0DFF1B7C9AA100A15571 /* UVCache.m in Sources */ = {isa = PBXBuildFile; fileRef = 7F6D0DFE1B7C9AA100A15571 /* UVCache.m */; };
		7F7C43D21BA186F900E54B4B /* NSMutableArray+UVUtils.m in Sources */ = {isa = PBXBuildFile; fileRef = 7F7C43D11BA186F900E54B4B /* NSMutableArray+UVUtils.m */; };
		7F823AAE1B9FC8C800B1F68D /* FMDatabase.m in Sources */ = {isa = PBXBuildFile; fileRef = 7F823A8F1B9FC8C800B1F68D /* FMDatabase.m */; };
		7F823AAF1B9FC8C800B1F68D /* FMDatabaseAdditions.m in Sources */ = {isa = PBXBuildFile; fileRef = 7F823A911B9FC8C800B1F68D /* FMDatabaseAdditions.m */; };
		7F823AB01B9FC8C800B1F68D /* FMDatabasePool.m in Sources */ = {isa = PBXBuildFile; fileRef = 7F823A931B9FC8C800B1F68D /* FMDatabasePool.m */; };
		7F823AB11B9FC8C800B1F68D /* FMDatabaseQueue.m in Sources */ = {isa = PBXBuildFile; fileRef = 7F823A951B9FC8C800B1F68D /* FMDatabaseQueue.m */; };
		7F823AB21B9FC8C800B1F68D /* FMResultSet.m in Sources */ = {isa = PBXBuildFile; fileRef = 7F823A971B9FC8C800B1F68D /* FMResultSet.m */; };
		7F823AB31B9FC8C800B1F68D /* iToast.m in Sources */ = {isa = PBXBuildFile; fileRef = 7F823A9A1B9FC8C800B1F68D /* iToast.m */; };
		7F823AB41B9FC8C800B1F68D /* README.md in Sources */ = {isa = PBXBuildFile; fileRef = 7F823A9B1B9FC8C800B1F68D /* README.md */; };
		7F823AB51B9FC8C800B1F68D /* MBProgressHUD.m in Sources */ = {isa = PBXBuildFile; fileRef = 7F823AA31B9FC8C800B1F68D /* MBProgressHUD.m */; };
		7F823AB61B9FC8C800B1F68D /* UIView+Toast.m in Sources */ = {isa = PBXBuildFile; fileRef = 7F823AA51B9FC8C800B1F68D /* UIView+Toast.m */; };
		7F823AB71B9FC8C800B1F68D /* WYPopoverController.m in Sources */ = {isa = PBXBuildFile; fileRef = 7F823AA81B9FC8C800B1F68D /* WYPopoverController.m */; };
		7F823AB81B9FC8C800B1F68D /* WYStoryboardPopoverSegue.m in Sources */ = {isa = PBXBuildFile; fileRef = 7F823AAA1B9FC8C800B1F68D /* WYStoryboardPopoverSegue.m */; };
		7F823AB91B9FC8C800B1F68D /* XMLReader.m in Sources */ = {isa = PBXBuildFile; fileRef = 7F823AAD1B9FC8C800B1F68D /* XMLReader.m */; };
		7FCB28F91BF2105000F4C291 /* UVFileManage.m in Sources */ = {isa = PBXBuildFile; fileRef = 7FCB28F81BF2105000F4C291 /* UVFileManage.m */; };
		814FD2D41B5739D600A96FDC /* UVDevice.m in Sources */ = {isa = PBXBuildFile; fileRef = 814FD2D11B5739D600A96FDC /* UVDevice.m */; };
		814FD2D51B5739D600A96FDC /* UVLogger.m in Sources */ = {isa = PBXBuildFile; fileRef = 814FD2D31B5739D600A96FDC /* UVLogger.m */; };
		8161ED141BBB81C6003BC918 /* UVScrollView.m in Sources */ = {isa = PBXBuildFile; fileRef = 8161ED131BBB81C6003BC918 /* UVScrollView.m */; };
		8161ED171BBB898A003BC918 /* UVPageScrollView.m in Sources */ = {isa = PBXBuildFile; fileRef = 8161ED161BBB898A003BC918 /* UVPageScrollView.m */; };
		991FA95C18CEB551007024CB /* Foundation.framework in Frameworks */ = {isa = PBXBuildFile; fileRef = 991FA95B18CEB551007024CB /* Foundation.framework */; };
		991FA96A18CEB551007024CB /* XCTest.framework in Frameworks */ = {isa = PBXBuildFile; fileRef = 991FA96918CEB551007024CB /* XCTest.framework */; };
		991FA96B18CEB551007024CB /* Foundation.framework in Frameworks */ = {isa = PBXBuildFile; fileRef = 991FA95B18CEB551007024CB /* Foundation.framework */; };
		991FA96D18CEB551007024CB /* UIKit.framework in Frameworks */ = {isa = PBXBuildFile; fileRef = 991FA96C18CEB551007024CB /* UIKit.framework */; };
		991FA97018CEB551007024CB /* libUVCocoaLibrary.a in Frameworks */ = {isa = PBXBuildFile; fileRef = 991FA95818CEB551007024CB /* libUVCocoaLibrary.a */; };
		991FA97618CEB551007024CB /* InfoPlist.strings in Resources */ = {isa = PBXBuildFile; fileRef = 991FA97418CEB551007024CB /* InfoPlist.strings */; };
		991FA97818CEB551007024CB /* UVCocoaLibraryTests.m in Sources */ = {isa = PBXBuildFile; fileRef = 991FA97718CEB551007024CB /* UVCocoaLibraryTests.m */; };
		9930E0711949A038000CE95C /* NSString+FontAwesome.m in Sources */ = {isa = PBXBuildFile; fileRef = 9930E06E1949A038000CE95C /* NSString+FontAwesome.m */; };
		9930E0721949A038000CE95C /* UIButton+Bootstrap.m in Sources */ = {isa = PBXBuildFile; fileRef = 9930E0701949A038000CE95C /* UIButton+Bootstrap.m */; };
		99A1A6B418DC42E200E1970F /* UVCocoaLibrary.h in Copy Files */ = {isa = PBXBuildFile; fileRef = 99A1A6B018DC40DB00E1970F /* UVCocoaLibrary.h */; };
		99B4001C193D9851002224A5 /* UVActivityIndicatorView.m in Sources */ = {isa = PBXBuildFile; fileRef = 99B4001B193D9851002224A5 /* UVActivityIndicatorView.m */; };
		99B4001D193D9873002224A5 /* UVActivityIndicatorView.h in Copy Files */ = {isa = PBXBuildFile; fileRef = 99B4001A193D9851002224A5 /* UVActivityIndicatorView.h */; };
		99C8F950192B4337007EFFC1 /* NSObject+UVObjects.m in Sources */ = {isa = PBXBuildFile; fileRef = 99C8F93B192B4337007EFFC1 /* NSObject+UVObjects.m */; };
		99C8F951192B4337007EFFC1 /* UIColor+Utils.m in Sources */ = {isa = PBXBuildFile; fileRef = 99C8F93F192B4337007EFFC1 /* UIColor+Utils.m */; };
		99C8F953192B4337007EFFC1 /* UIImage+Utils.m in Sources */ = {isa = PBXBuildFile; fileRef = 99C8F943192B4337007EFFC1 /* UIImage+Utils.m */; };
		99C8F955192B4337007EFFC1 /* UITableView+Utils.m in Sources */ = {isa = PBXBuildFile; fileRef = 99C8F947192B4337007EFFC1 /* UITableView+Utils.m */; };
		99C8F956192B4337007EFFC1 /* UITextField+shadow.m in Sources */ = {isa = PBXBuildFile; fileRef = 99C8F949192B4337007EFFC1 /* UITextField+shadow.m */; };
		99C8F957192B4337007EFFC1 /* UIView+Shake.m in Sources */ = {isa = PBXBuildFile; fileRef = 99C8F94B192B4337007EFFC1 /* UIView+Shake.m */; };
		99C8F958192B4337007EFFC1 /* UIView+Utils.m in Sources */ = {isa = PBXBuildFile; fileRef = 99C8F94D192B4337007EFFC1 /* UIView+Utils.m */; };
		99C8F959192B4337007EFFC1 /* UIViewController+Utils.m in Sources */ = {isa = PBXBuildFile; fileRef = 99C8F94F192B4337007EFFC1 /* UIViewController+Utils.m */; };
		99C8F95F192B4440007EFFC1 /* UVMenuButton.m in Sources */ = {isa = PBXBuildFile; fileRef = 99C8F95E192B4440007EFFC1 /* UVMenuButton.m */; };
		99C8F97A192B4667007EFFC1 /* UVFMDatabase.m in Sources */ = {isa = PBXBuildFile; fileRef = 99C8F962192B4667007EFFC1 /* UVFMDatabase.m */; };
		99C8F97B192B4667007EFFC1 /* UVIdEntity.m in Sources */ = {isa = PBXBuildFile; fileRef = 99C8F964192B4667007EFFC1 /* UVIdEntity.m */; };
		99C8F97C192B4667007EFFC1 /* UVTables.m in Sources */ = {isa = PBXBuildFile; fileRef = 99C8F966192B4667007EFFC1 /* UVTables.m */; };
		99C8F97D192B4667007EFFC1 /* UVAudio.m in Sources */ = {isa = PBXBuildFile; fileRef = 99C8F96C192B4667007EFFC1 /* UVAudio.m */; };
		99C8F97E192B4667007EFFC1 /* UVError.m in Sources */ = {isa = PBXBuildFile; fileRef = 99C8F96F192B4667007EFFC1 /* UVError.m */; };
		99C8F97F192B4667007EFFC1 /* UVHttpClient.m in Sources */ = {isa = PBXBuildFile; fileRef = 99C8F972192B4667007EFFC1 /* UVHttpClient.m */; };
		99C8F980192B4667007EFFC1 /* UVRequest.m in Sources */ = {isa = PBXBuildFile; fileRef = 99C8F974192B4667007EFFC1 /* UVRequest.m */; };
		99C8F981192B4667007EFFC1 /* UVURLConnectionDataDelegate.m in Sources */ = {isa = PBXBuildFile; fileRef = 99C8F976192B4667007EFFC1 /* UVURLConnectionDataDelegate.m */; };
		99C8F982192B4667007EFFC1 /* UVUtils.m in Sources */ = {isa = PBXBuildFile; fileRef = 99C8F979192B4667007EFFC1 /* UVUtils.m */; };
		99C8F983192B4F00007EFFC1 /* UVFMDatabase.h in Copy Files */ = {isa = PBXBuildFile; fileRef = 99C8F961192B4667007EFFC1 /* UVFMDatabase.h */; };
		99C8F984192B4F00007EFFC1 /* UVIdEntity.h in Copy Files */ = {isa = PBXBuildFile; fileRef = 99C8F963192B4667007EFFC1 /* UVIdEntity.h */; };
		99C8F985192B4F00007EFFC1 /* UVTables.h in Copy Files */ = {isa = PBXBuildFile; fileRef = 99C8F965192B4667007EFFC1 /* UVTables.h */; };
		99C8F986192B4F00007EFFC1 /* UVConest.h in Copy Files */ = {isa = PBXBuildFile; fileRef = 99C8F968192B4667007EFFC1 /* UVConest.h */; };
		99C8F988192B4F00007EFFC1 /* UVAudio.h in Copy Files */ = {isa = PBXBuildFile; fileRef = 99C8F96B192B4667007EFFC1 /* UVAudio.h */; };
		99C8F989192B4F00007EFFC1 /* UVError.h in Copy Files */ = {isa = PBXBuildFile; fileRef = 99C8F96E192B4667007EFFC1 /* UVError.h */; };
		99C8F98A192B4F00007EFFC1 /* UVHttpClient.h in Copy Files */ = {isa = PBXBuildFile; fileRef = 99C8F971192B4667007EFFC1 /* UVHttpClient.h */; };
		99C8F98B192B4F00007EFFC1 /* UVRequest.h in Copy Files */ = {isa = PBXBuildFile; fileRef = 99C8F973192B4667007EFFC1 /* UVRequest.h */; };
		99C8F98C192B4F00007EFFC1 /* UVURLConnectionDataDelegate.h in Copy Files */ = {isa = PBXBuildFile; fileRef = 99C8F975192B4667007EFFC1 /* UVURLConnectionDataDelegate.h */; };
		99C8F98D192B4F00007EFFC1 /* UVUtils.h in Copy Files */ = {isa = PBXBuildFile; fileRef = 99C8F978192B4667007EFFC1 /* UVUtils.h */; };
		99C8F98E192B4F00007EFFC1 /* UVMenuButton.h in Copy Files */ = {isa = PBXBuildFile; fileRef = 99C8F95D192B4440007EFFC1 /* UVMenuButton.h */; };
		99C8F98F192B4F00007EFFC1 /* NSObject+UVObjects.h in Copy Files */ = {isa = PBXBuildFile; fileRef = 99C8F93A192B4337007EFFC1 /* NSObject+UVObjects.h */; };
		99C8F990192B4F00007EFFC1 /* operationbox_text@2x.png in Copy Files */ = {isa = PBXBuildFile; fileRef = 99C8F93C192B4337007EFFC1 /* operationbox_text@2x.png */; };
		99C8F991192B4F00007EFFC1 /* UIColor+Utils.h in Copy Files */ = {isa = PBXBuildFile; fileRef = 99C8F93E192B4337007EFFC1 /* UIColor+Utils.h */; };
		99C8F993192B4F00007EFFC1 /* UIImage+Utils.h in Copy Files */ = {isa = PBXBuildFile; fileRef = 99C8F942192B4337007EFFC1 /* UIImage+Utils.h */; };
		99C8F995192B4F00007EFFC1 /* UITableView+Utils.h in Copy Files */ = {isa = PBXBuildFile; fileRef = 99C8F946192B4337007EFFC1 /* UITableView+Utils.h */; };
		99C8F996192B4F00007EFFC1 /* UITextField+shadow.h in Copy Files */ = {isa = PBXBuildFile; fileRef = 99C8F948192B4337007EFFC1 /* UITextField+shadow.h */; };
		99C8F997192B4F00007EFFC1 /* UIView+Shake.h in Copy Files */ = {isa = PBXBuildFile; fileRef = 99C8F94A192B4337007EFFC1 /* UIView+Shake.h */; };
		99C8F998192B4F00007EFFC1 /* UIView+Utils.h in Copy Files */ = {isa = PBXBuildFile; fileRef = 99C8F94C192B4337007EFFC1 /* UIView+Utils.h */; };
		99C8F999192B4F00007EFFC1 /* UIViewController+Utils.h in Copy Files */ = {isa = PBXBuildFile; fileRef = 99C8F94E192B4337007EFFC1 /* UIViewController+Utils.h */; };
		99D2ACBA19F49C30006167AC /* UVSoap.m in Sources */ = {isa = PBXBuildFile; fileRef = 99D2ACB919F49C30006167AC /* UVSoap.m */; };
		99F26CEA1929EB2700A684FF /* AVFoundation.framework in Frameworks */ = {isa = PBXBuildFile; fileRef = 99F26CE91929EB2700A684FF /* AVFoundation.framework */; };
		99F26CEC1929EB2F00A684FF /* AudioToolbox.framework in Frameworks */ = {isa = PBXBuildFile; fileRef = 99F26CEB1929EB2F00A684FF /* AudioToolbox.framework */; };
		99F341DE1924A66000AA83D7 /* UIKit.framework in Frameworks */ = {isa = PBXBuildFile; fileRef = 99F341DD1924A66000AA83D7 /* UIKit.framework */; };
/* End PBXBuildFile section */

/* Begin PBXContainerItemProxy section */
		991FA96E18CEB551007024CB /* PBXContainerItemProxy */ = {
			isa = PBXContainerItemProxy;
			containerPortal = 991FA95018CEB551007024CB /* Project object */;
			proxyType = 1;
			remoteGlobalIDString = 991FA95718CEB551007024CB;
			remoteInfo = UVCocoaLibrary;
		};
/* End PBXContainerItemProxy section */

/* Begin PBXCopyFilesBuildPhase section */
		991FA95618CEB551007024CB /* Copy Files */ = {
			isa = PBXCopyFilesBuildPhase;
			buildActionMask = 2147483647;
			dstPath = "include/$(PRODUCT_NAME)";
			dstSubfolderSpec = 16;
			files = (
				99B4001D193D9873002224A5 /* UVActivityIndicatorView.h in Copy Files */,
				99C8F983192B4F00007EFFC1 /* UVFMDatabase.h in Copy Files */,
				99C8F984192B4F00007EFFC1 /* UVIdEntity.h in Copy Files */,
				99C8F985192B4F00007EFFC1 /* UVTables.h in Copy Files */,
				99C8F986192B4F00007EFFC1 /* UVConest.h in Copy Files */,
				99C8F988192B4F00007EFFC1 /* UVAudio.h in Copy Files */,
				99C8F989192B4F00007EFFC1 /* UVError.h in Copy Files */,
				99C8F98A192B4F00007EFFC1 /* UVHttpClient.h in Copy Files */,
				99C8F98B192B4F00007EFFC1 /* UVRequest.h in Copy Files */,
				99C8F98C192B4F00007EFFC1 /* UVURLConnectionDataDelegate.h in Copy Files */,
				99C8F98D192B4F00007EFFC1 /* UVUtils.h in Copy Files */,
				99C8F98E192B4F00007EFFC1 /* UVMenuButton.h in Copy Files */,
				99C8F98F192B4F00007EFFC1 /* NSObject+UVObjects.h in Copy Files */,
				99C8F990192B4F00007EFFC1 /* operationbox_text@2x.png in Copy Files */,
				99C8F991192B4F00007EFFC1 /* UIColor+Utils.h in Copy Files */,
				99C8F993192B4F00007EFFC1 /* UIImage+Utils.h in Copy Files */,
				99C8F995192B4F00007EFFC1 /* UITableView+Utils.h in Copy Files */,
				99C8F996192B4F00007EFFC1 /* UITextField+shadow.h in Copy Files */,
				99C8F997192B4F00007EFFC1 /* UIView+Shake.h in Copy Files */,
				99C8F998192B4F00007EFFC1 /* UIView+Utils.h in Copy Files */,
				99C8F999192B4F00007EFFC1 /* UIViewController+Utils.h in Copy Files */,
				99A1A6B418DC42E200E1970F /* UVCocoaLibrary.h in Copy Files */,
			);
			name = "Copy Files";
			runOnlyForDeploymentPostprocessing = 0;
		};
/* End PBXCopyFilesBuildPhase section */

/* Begin PBXFileReference section */
		7F00E1201BE1F310006AFE9F /* UVModelView.h */ = {isa = PBXFileReference; fileEncoding = 4; lastKnownFileType = sourcecode.c.h; path = UVModelView.h; sourceTree = "<group>"; };
		7F00E1211BE1F310006AFE9F /* UVModelView.m */ = {isa = PBXFileReference; fileEncoding = 4; lastKnownFileType = sourcecode.c.objc; path = UVModelView.m; sourceTree = "<group>"; };
		7F0D50161B8D8A8B0017359F /* NSString+UVUtils.h */ = {isa = PBXFileReference; fileEncoding = 4; lastKnownFileType = sourcecode.c.h; path = "NSString+UVUtils.h"; sourceTree = "<group>"; };
		7F0D50171B8D8A8B0017359F /* NSString+UVUtils.m */ = {isa = PBXFileReference; fileEncoding = 4; lastKnownFileType = sourcecode.c.objc; path = "NSString+UVUtils.m"; sourceTree = "<group>"; };
		7F0D50191B8DA94A0017359F /* UVValidate.h */ = {isa = PBXFileReference; fileEncoding = 4; lastKnownFileType = sourcecode.c.h; path = UVValidate.h; sourceTree = "<group>"; };
		7F0D501A1B8DA94A0017359F /* UVValidate.m */ = {isa = PBXFileReference; fileEncoding = 4; lastKnownFileType = sourcecode.c.objc; path = UVValidate.m; sourceTree = "<group>"; };
		7F1498671B95890C00950789 /* UIScrollView+UVUtils.h */ = {isa = PBXFileReference; fileEncoding = 4; lastKnownFileType = sourcecode.c.h; path = "UIScrollView+UVUtils.h"; sourceTree = "<group>"; };
		7F1498681B95890C00950789 /* UIScrollView+UVUtils.m */ = {isa = PBXFileReference; fileEncoding = 4; lastKnownFileType = sourcecode.c.objc; path = "UIScrollView+UVUtils.m"; sourceTree = "<group>"; };
		7F182DA01BF47CD400D55C3C /* UVToolbarDatepickerView.h */ = {isa = PBXFileReference; fileEncoding = 4; lastKnownFileType = sourcecode.c.h; path = UVToolbarDatepickerView.h; sourceTree = "<group>"; };
		7F182DA11BF47CD400D55C3C /* UVToolbarDatepickerView.m */ = {isa = PBXFileReference; fileEncoding = 4; lastKnownFileType = sourcecode.c.objc; path = UVToolbarDatepickerView.m; sourceTree = "<group>"; };
		7F6D0C4A1B704E7D00A15571 /* UIImageView+Utils.h */ = {isa = PBXFileReference; fileEncoding = 4; lastKnownFileType = sourcecode.c.h; path = "UIImageView+Utils.h"; sourceTree = "<group>"; };
		7F6D0C4B1B704E7D00A15571 /* UIImageView+Utils.m */ = {isa = PBXFileReference; fileEncoding = 4; lastKnownFileType = sourcecode.c.objc; path = "UIImageView+Utils.m"; sourceTree = "<group>"; };
		7F6D0CF31B731DAC00A15571 /* NSDate+Utils.h */ = {isa = PBXFileReference; fileEncoding = 4; lastKnownFileType = sourcecode.c.h; path = "NSDate+Utils.h"; sourceTree = "<group>"; };
		7F6D0CF41B731DAC00A15571 /* NSDate+Utils.m */ = {isa = PBXFileReference; fileEncoding = 4; lastKnownFileType = sourcecode.c.objc; path = "NSDate+Utils.m"; sourceTree = "<group>"; };
		7F6D0DFD1B7C9AA100A15571 /* UVCache.h */ = {isa = PBXFileReference; fileEncoding = 4; lastKnownFileType = sourcecode.c.h; path = UVCache.h; sourceTree = "<group>"; };
		7F6D0DFE1B7C9AA100A15571 /* UVCache.m */ = {isa = PBXFileReference; fileEncoding = 4; lastKnownFileType = sourcecode.c.objc; path = UVCache.m; sourceTree = "<group>"; };
		7F7C43D01BA186F900E54B4B /* NSMutableArray+UVUtils.h */ = {isa = PBXFileReference; fileEncoding = 4; lastKnownFileType = sourcecode.c.h; path = "NSMutableArray+UVUtils.h"; sourceTree = "<group>"; };
		7F7C43D11BA186F900E54B4B /* NSMutableArray+UVUtils.m */ = {isa = PBXFileReference; fileEncoding = 4; lastKnownFileType = sourcecode.c.objc; path = "NSMutableArray+UVUtils.m"; sourceTree = "<group>"; };
		7F823A8E1B9FC8C800B1F68D /* FMDatabase.h */ = {isa = PBXFileReference; fileEncoding = 4; lastKnownFileType = sourcecode.c.h; path = FMDatabase.h; sourceTree = "<group>"; };
		7F823A8F1B9FC8C800B1F68D /* FMDatabase.m */ = {isa = PBXFileReference; fileEncoding = 4; lastKnownFileType = sourcecode.c.objc; path = FMDatabase.m; sourceTree = "<group>"; };
		7F823A901B9FC8C800B1F68D /* FMDatabaseAdditions.h */ = {isa = PBXFileReference; fileEncoding = 4; lastKnownFileType = sourcecode.c.h; path = FMDatabaseAdditions.h; sourceTree = "<group>"; };
		7F823A911B9FC8C800B1F68D /* FMDatabaseAdditions.m */ = {isa = PBXFileReference; fileEncoding = 4; lastKnownFileType = sourcecode.c.objc; path = FMDatabaseAdditions.m; sourceTree = "<group>"; };
		7F823A921B9FC8C800B1F68D /* FMDatabasePool.h */ = {isa = PBXFileReference; fileEncoding = 4; lastKnownFileType = sourcecode.c.h; path = FMDatabasePool.h; sourceTree = "<group>"; };
		7F823A931B9FC8C800B1F68D /* FMDatabasePool.m */ = {isa = PBXFileReference; fileEncoding = 4; lastKnownFileType = sourcecode.c.objc; path = FMDatabasePool.m; sourceTree = "<group>"; };
		7F823A941B9FC8C800B1F68D /* FMDatabaseQueue.h */ = {isa = PBXFileReference; fileEncoding = 4; lastKnownFileType = sourcecode.c.h; path = FMDatabaseQueue.h; sourceTree = "<group>"; };
		7F823A951B9FC8C800B1F68D /* FMDatabaseQueue.m */ = {isa = PBXFileReference; fileEncoding = 4; lastKnownFileType = sourcecode.c.objc; path = FMDatabaseQueue.m; sourceTree = "<group>"; };
		7F823A961B9FC8C800B1F68D /* FMResultSet.h */ = {isa = PBXFileReference; fileEncoding = 4; lastKnownFileType = sourcecode.c.h; path = FMResultSet.h; sourceTree = "<group>"; };
		7F823A971B9FC8C800B1F68D /* FMResultSet.m */ = {isa = PBXFileReference; fileEncoding = 4; lastKnownFileType = sourcecode.c.objc; path = FMResultSet.m; sourceTree = "<group>"; };
		7F823A991B9FC8C800B1F68D /* iToast.h */ = {isa = PBXFileReference; fileEncoding = 4; lastKnownFileType = sourcecode.c.h; path = iToast.h; sourceTree = "<group>"; };
		7F823A9A1B9FC8C800B1F68D /* iToast.m */ = {isa = PBXFileReference; fileEncoding = 4; lastKnownFileType = sourcecode.c.objc; path = iToast.m; sourceTree = "<group>"; };
		7F823A9B1B9FC8C800B1F68D /* README.md */ = {isa = PBXFileReference; fileEncoding = 4; lastKnownFileType = net.daringfireball.markdown; path = README.md; sourceTree = "<group>"; };
		7F823A9D1B9FC8C800B1F68D /* 37x-Checkmark@2x.png */ = {isa = PBXFileReference; lastKnownFileType = image.png; path = "37x-Checkmark@2x.png"; sourceTree = "<group>"; };
		7F823A9E1B9FC8C800B1F68D /* hub_icon_alarm@2x.png */ = {isa = PBXFileReference; lastKnownFileType = image.png; path = "hub_icon_alarm@2x.png"; sourceTree = "<group>"; };
		7F823A9F1B9FC8C800B1F68D /* hub_icon_error@2x.png */ = {isa = PBXFileReference; lastKnownFileType = image.png; path = "hub_icon_error@2x.png"; sourceTree = "<group>"; };
		7F823AA01B9FC8C800B1F68D /* hub_icon_notice@2x.png */ = {isa = PBXFileReference; lastKnownFileType = image.png; path = "hub_icon_notice@2x.png"; sourceTree = "<group>"; };
		7F823AA11B9FC8C800B1F68D /* hub_icon_success@2x.png */ = {isa = PBXFileReference; lastKnownFileType = image.png; path = "hub_icon_success@2x.png"; sourceTree = "<group>"; };
		7F823AA21B9FC8C800B1F68D /* MBProgressHUD.h */ = {isa = PBXFileReference; fileEncoding = 4; lastKnownFileType = sourcecode.c.h; path = MBProgressHUD.h; sourceTree = "<group>"; };
		7F823AA31B9FC8C800B1F68D /* MBProgressHUD.m */ = {isa = PBXFileReference; fileEncoding = 4; lastKnownFileType = sourcecode.c.objc; path = MBProgressHUD.m; sourceTree = "<group>"; };
		7F823AA41B9FC8C800B1F68D /* UIView+Toast.h */ = {isa = PBXFileReference; fileEncoding = 4; lastKnownFileType = sourcecode.c.h; path = "UIView+Toast.h"; sourceTree = "<group>"; };
		7F823AA51B9FC8C800B1F68D /* UIView+Toast.m */ = {isa = PBXFileReference; fileEncoding = 4; lastKnownFileType = sourcecode.c.objc; path = "UIView+Toast.m"; sourceTree = "<group>"; };
		7F823AA71B9FC8C800B1F68D /* WYPopoverController.h */ = {isa = PBXFileReference; fileEncoding = 4; lastKnownFileType = sourcecode.c.h; path = WYPopoverController.h; sourceTree = "<group>"; };
		7F823AA81B9FC8C800B1F68D /* WYPopoverController.m */ = {isa = PBXFileReference; fileEncoding = 4; lastKnownFileType = sourcecode.c.objc; path = WYPopoverController.m; sourceTree = "<group>"; };
		7F823AA91B9FC8C800B1F68D /* WYStoryboardPopoverSegue.h */ = {isa = PBXFileReference; fileEncoding = 4; lastKnownFileType = sourcecode.c.h; path = WYStoryboardPopoverSegue.h; sourceTree = "<group>"; };
		7F823AAA1B9FC8C800B1F68D /* WYStoryboardPopoverSegue.m */ = {isa = PBXFileReference; fileEncoding = 4; lastKnownFileType = sourcecode.c.objc; path = WYStoryboardPopoverSegue.m; sourceTree = "<group>"; };
		7F823AAC1B9FC8C800B1F68D /* XMLReader.h */ = {isa = PBXFileReference; fileEncoding = 4; lastKnownFileType = sourcecode.c.h; path = XMLReader.h; sourceTree = "<group>"; };
		7F823AAD1B9FC8C800B1F68D /* XMLReader.m */ = {isa = PBXFileReference; fileEncoding = 4; lastKnownFileType = sourcecode.c.objc; path = XMLReader.m; sourceTree = "<group>"; };
		7FCB28F71BF2105000F4C291 /* UVFileManage.h */ = {isa = PBXFileReference; fileEncoding = 4; lastKnownFileType = sourcecode.c.h; path = UVFileManage.h; sourceTree = "<group>"; };
		7FCB28F81BF2105000F4C291 /* UVFileManage.m */ = {isa = PBXFileReference; fileEncoding = 4; lastKnownFileType = sourcecode.c.objc; path = UVFileManage.m; sourceTree = "<group>"; };
		814FD2D01B5739D600A96FDC /* UVDevice.h */ = {isa = PBXFileReference; fileEncoding = 4; lastKnownFileType = sourcecode.c.h; path = UVDevice.h; sourceTree = "<group>"; };
		814FD2D11B5739D600A96FDC /* UVDevice.m */ = {isa = PBXFileReference; fileEncoding = 4; lastKnownFileType = sourcecode.c.objc; path = UVDevice.m; sourceTree = "<group>"; };
		814FD2D21B5739D600A96FDC /* UVLogger.h */ = {isa = PBXFileReference; fileEncoding = 4; lastKnownFileType = sourcecode.c.h; path = UVLogger.h; sourceTree = "<group>"; };
		814FD2D31B5739D600A96FDC /* UVLogger.m */ = {isa = PBXFileReference; fileEncoding = 4; lastKnownFileType = sourcecode.c.objc; path = UVLogger.m; sourceTree = "<group>"; };
		8161ED121BBB81C6003BC918 /* UVScrollView.h */ = {isa = PBXFileReference; fileEncoding = 4; lastKnownFileType = sourcecode.c.h; path = UVScrollView.h; sourceTree = "<group>"; };
		8161ED131BBB81C6003BC918 /* UVScrollView.m */ = {isa = PBXFileReference; fileEncoding = 4; lastKnownFileType = sourcecode.c.objc; path = UVScrollView.m; sourceTree = "<group>"; };
		8161ED151BBB898A003BC918 /* UVPageScrollView.h */ = {isa = PBXFileReference; fileEncoding = 4; lastKnownFileType = sourcecode.c.h; path = UVPageScrollView.h; sourceTree = "<group>"; };
		8161ED161BBB898A003BC918 /* UVPageScrollView.m */ = {isa = PBXFileReference; fileEncoding = 4; lastKnownFileType = sourcecode.c.objc; path = UVPageScrollView.m; sourceTree = "<group>"; };
		991FA95818CEB551007024CB /* libUVCocoaLibrary.a */ = {isa = PBXFileReference; explicitFileType = archive.ar; includeInIndex = 0; path = libUVCocoaLibrary.a; sourceTree = BUILT_PRODUCTS_DIR; };
		991FA95B18CEB551007024CB /* Foundation.framework */ = {isa = PBXFileReference; lastKnownFileType = wrapper.framework; name = Foundation.framework; path = System/Library/Frameworks/Foundation.framework; sourceTree = SDKROOT; };
		991FA95F18CEB551007024CB /* UVCocoaLibrary-Prefix.pch */ = {isa = PBXFileReference; lastKnownFileType = sourcecode.c.h; path = "UVCocoaLibrary-Prefix.pch"; sourceTree = "<group>"; };
		991FA96818CEB551007024CB /* UVCocoaLibraryTests.xctest */ = {isa = PBXFileReference; explicitFileType = wrapper.cfbundle; includeInIndex = 0; path = UVCocoaLibraryTests.xctest; sourceTree = BUILT_PRODUCTS_DIR; };
		991FA96918CEB551007024CB /* XCTest.framework */ = {isa = PBXFileReference; lastKnownFileType = wrapper.framework; name = XCTest.framework; path = Library/Frameworks/XCTest.framework; sourceTree = DEVELOPER_DIR; };
		991FA96C18CEB551007024CB /* UIKit.framework */ = {isa = PBXFileReference; lastKnownFileType = wrapper.framework; name = UIKit.framework; path = Library/Frameworks/UIKit.framework; sourceTree = DEVELOPER_DIR; };
		991FA97318CEB551007024CB /* UVCocoaLibraryTests-Info.plist */ = {isa = PBXFileReference; lastKnownFileType = text.plist.xml; path = "UVCocoaLibraryTests-Info.plist"; sourceTree = "<group>"; };
		991FA97518CEB551007024CB /* en */ = {isa = PBXFileReference; lastKnownFileType = text.plist.strings; name = en; path = en.lproj/InfoPlist.strings; sourceTree = "<group>"; };
		991FA97718CEB551007024CB /* UVCocoaLibraryTests.m */ = {isa = PBXFileReference; lastKnownFileType = sourcecode.c.objc; path = UVCocoaLibraryTests.m; sourceTree = "<group>"; };
		992C915618E2BFA6001AC980 /* MobileCoreServices.framework */ = {isa = PBXFileReference; lastKnownFileType = wrapper.framework; name = MobileCoreServices.framework; path = System/Library/Frameworks/MobileCoreServices.framework; sourceTree = SDKROOT; };
		992C915818E2C01E001AC980 /* CFNetwork.framework */ = {isa = PBXFileReference; lastKnownFileType = wrapper.framework; name = CFNetwork.framework; path = System/Library/Frameworks/CFNetwork.framework; sourceTree = SDKROOT; };
		992C915A18E2C037001AC980 /* SystemConfiguration.framework */ = {isa = PBXFileReference; lastKnownFileType = wrapper.framework; name = SystemConfiguration.framework; path = System/Library/Frameworks/SystemConfiguration.framework; sourceTree = SDKROOT; };
		992C915C18E2C042001AC980 /* libz.dylib */ = {isa = PBXFileReference; lastKnownFileType = "compiled.mach-o.dylib"; name = libz.dylib; path = usr/lib/libz.dylib; sourceTree = SDKROOT; };
		9930E06C1949A038000CE95C /* FontAwesome.ttf */ = {isa = PBXFileReference; lastKnownFileType = file; path = FontAwesome.ttf; sourceTree = "<group>"; };
		9930E06D1949A038000CE95C /* NSString+FontAwesome.h */ = {isa = PBXFileReference; fileEncoding = 4; lastKnownFileType = sourcecode.c.h; path = "NSString+FontAwesome.h"; sourceTree = "<group>"; };
		9930E06E1949A038000CE95C /* NSString+FontAwesome.m */ = {isa = PBXFileReference; fileEncoding = 4; lastKnownFileType = sourcecode.c.objc; path = "NSString+FontAwesome.m"; sourceTree = "<group>"; };
		9930E06F1949A038000CE95C /* UIButton+Bootstrap.h */ = {isa = PBXFileReference; fileEncoding = 4; lastKnownFileType = sourcecode.c.h; path = "UIButton+Bootstrap.h"; sourceTree = "<group>"; };
		9930E0701949A038000CE95C /* UIButton+Bootstrap.m */ = {isa = PBXFileReference; fileEncoding = 4; lastKnownFileType = sourcecode.c.objc; path = "UIButton+Bootstrap.m"; sourceTree = "<group>"; };
		99A1A6B018DC40DB00E1970F /* UVCocoaLibrary.h */ = {isa = PBXFileReference; fileEncoding = 4; lastKnownFileType = sourcecode.c.h; path = UVCocoaLibrary.h; sourceTree = "<group>"; };
		99B4001A193D9851002224A5 /* UVActivityIndicatorView.h */ = {isa = PBXFileReference; fileEncoding = 4; lastKnownFileType = sourcecode.c.h; path = UVActivityIndicatorView.h; sourceTree = "<group>"; };
		99B4001B193D9851002224A5 /* UVActivityIndicatorView.m */ = {isa = PBXFileReference; fileEncoding = 4; lastKnownFileType = sourcecode.c.objc; path = UVActivityIndicatorView.m; sourceTree = "<group>"; };
		99C8F93A192B4337007EFFC1 /* NSObject+UVObjects.h */ = {isa = PBXFileReference; fileEncoding = 4; lastKnownFileType = sourcecode.c.h; path = "NSObject+UVObjects.h"; sourceTree = "<group>"; };
		99C8F93B192B4337007EFFC1 /* NSObject+UVObjects.m */ = {isa = PBXFileReference; fileEncoding = 4; lastKnownFileType = sourcecode.c.objc; path = "NSObject+UVObjects.m"; sourceTree = "<group>"; };
		99C8F93C192B4337007EFFC1 /* operationbox_text@2x.png */ = {isa = PBXFileReference; lastKnownFileType = image.png; path = "operationbox_text@2x.png"; sourceTree = "<group>"; };
		99C8F93D192B4337007EFFC1 /* readme.txt */ = {isa = PBXFileReference; fileEncoding = 4; lastKnownFileType = text; path = readme.txt; sourceTree = "<group>"; };
		99C8F93E192B4337007EFFC1 /* UIColor+Utils.h */ = {isa = PBXFileReference; fileEncoding = 4; lastKnownFileType = sourcecode.c.h; path = "UIColor+Utils.h"; sourceTree = "<group>"; };
		99C8F93F192B4337007EFFC1 /* UIColor+Utils.m */ = {isa = PBXFileReference; fileEncoding = 4; lastKnownFileType = sourcecode.c.objc; path = "UIColor+Utils.m"; sourceTree = "<group>"; };
		99C8F942192B4337007EFFC1 /* UIImage+Utils.h */ = {isa = PBXFileReference; fileEncoding = 4; lastKnownFileType = sourcecode.c.h; path = "UIImage+Utils.h"; sourceTree = "<group>"; };
		99C8F943192B4337007EFFC1 /* UIImage+Utils.m */ = {isa = PBXFileReference; fileEncoding = 4; lastKnownFileType = sourcecode.c.objc; path = "UIImage+Utils.m"; sourceTree = "<group>"; };
		99C8F946192B4337007EFFC1 /* UITableView+Utils.h */ = {isa = PBXFileReference; fileEncoding = 4; lastKnownFileType = sourcecode.c.h; path = "UITableView+Utils.h"; sourceTree = "<group>"; };
		99C8F947192B4337007EFFC1 /* UITableView+Utils.m */ = {isa = PBXFileReference; fileEncoding = 4; lastKnownFileType = sourcecode.c.objc; path = "UITableView+Utils.m"; sourceTree = "<group>"; };
		99C8F948192B4337007EFFC1 /* UITextField+shadow.h */ = {isa = PBXFileReference; fileEncoding = 4; lastKnownFileType = sourcecode.c.h; path = "UITextField+shadow.h"; sourceTree = "<group>"; };
		99C8F949192B4337007EFFC1 /* UITextField+shadow.m */ = {isa = PBXFileReference; fileEncoding = 4; lastKnownFileType = sourcecode.c.objc; path = "UITextField+shadow.m"; sourceTree = "<group>"; };
		99C8F94A192B4337007EFFC1 /* UIView+Shake.h */ = {isa = PBXFileReference; fileEncoding = 4; lastKnownFileType = sourcecode.c.h; path = "UIView+Shake.h"; sourceTree = "<group>"; };
		99C8F94B192B4337007EFFC1 /* UIView+Shake.m */ = {isa = PBXFileReference; fileEncoding = 4; lastKnownFileType = sourcecode.c.objc; path = "UIView+Shake.m"; sourceTree = "<group>"; };
		99C8F94C192B4337007EFFC1 /* UIView+Utils.h */ = {isa = PBXFileReference; fileEncoding = 4; lastKnownFileType = sourcecode.c.h; path = "UIView+Utils.h"; sourceTree = "<group>"; };
		99C8F94D192B4337007EFFC1 /* UIView+Utils.m */ = {isa = PBXFileReference; fileEncoding = 4; lastKnownFileType = sourcecode.c.objc; path = "UIView+Utils.m"; sourceTree = "<group>"; };
		99C8F94E192B4337007EFFC1 /* UIViewController+Utils.h */ = {isa = PBXFileReference; fileEncoding = 4; lastKnownFileType = sourcecode.c.h; path = "UIViewController+Utils.h"; sourceTree = "<group>"; };
		99C8F94F192B4337007EFFC1 /* UIViewController+Utils.m */ = {isa = PBXFileReference; fileEncoding = 4; lastKnownFileType = sourcecode.c.objc; path = "UIViewController+Utils.m"; sourceTree = "<group>"; };
		99C8F95D192B4440007EFFC1 /* UVMenuButton.h */ = {isa = PBXFileReference; fileEncoding = 4; lastKnownFileType = sourcecode.c.h; path = UVMenuButton.h; sourceTree = "<group>"; };
		99C8F95E192B4440007EFFC1 /* UVMenuButton.m */ = {isa = PBXFileReference; fileEncoding = 4; lastKnownFileType = sourcecode.c.objc; path = UVMenuButton.m; sourceTree = "<group>"; };
		99C8F961192B4667007EFFC1 /* UVFMDatabase.h */ = {isa = PBXFileReference; fileEncoding = 4; lastKnownFileType = sourcecode.c.h; path = UVFMDatabase.h; sourceTree = "<group>"; };
		99C8F962192B4667007EFFC1 /* UVFMDatabase.m */ = {isa = PBXFileReference; fileEncoding = 4; lastKnownFileType = sourcecode.c.objc; path = UVFMDatabase.m; sourceTree = "<group>"; };
		99C8F963192B4667007EFFC1 /* UVIdEntity.h */ = {isa = PBXFileReference; fileEncoding = 4; lastKnownFileType = sourcecode.c.h; path = UVIdEntity.h; sourceTree = "<group>"; };
		99C8F964192B4667007EFFC1 /* UVIdEntity.m */ = {isa = PBXFileReference; fileEncoding = 4; lastKnownFileType = sourcecode.c.objc; path = UVIdEntity.m; sourceTree = "<group>"; };
		99C8F965192B4667007EFFC1 /* UVTables.h */ = {isa = PBXFileReference; fileEncoding = 4; lastKnownFileType = sourcecode.c.h; path = UVTables.h; sourceTree = "<group>"; };
		99C8F966192B4667007EFFC1 /* UVTables.m */ = {isa = PBXFileReference; fileEncoding = 4; lastKnownFileType = sourcecode.c.objc; path = UVTables.m; sourceTree = "<group>"; };
		99C8F968192B4667007EFFC1 /* UVConest.h */ = {isa = PBXFileReference; fileEncoding = 4; lastKnownFileType = sourcecode.c.h; path = UVConest.h; sourceTree = "<group>"; };
		99C8F96B192B4667007EFFC1 /* UVAudio.h */ = {isa = PBXFileReference; fileEncoding = 4; lastKnownFileType = sourcecode.c.h; path = UVAudio.h; sourceTree = "<group>"; };
		99C8F96C192B4667007EFFC1 /* UVAudio.m */ = {isa = PBXFileReference; fileEncoding = 4; lastKnownFileType = sourcecode.c.objc; path = UVAudio.m; sourceTree = "<group>"; };
		99C8F96E192B4667007EFFC1 /* UVError.h */ = {isa = PBXFileReference; fileEncoding = 4; lastKnownFileType = sourcecode.c.h; path = UVError.h; sourceTree = "<group>"; };
		99C8F96F192B4667007EFFC1 /* UVError.m */ = {isa = PBXFileReference; fileEncoding = 4; lastKnownFileType = sourcecode.c.objc; path = UVError.m; sourceTree = "<group>"; };
		99C8F971192B4667007EFFC1 /* UVHttpClient.h */ = {isa = PBXFileReference; fileEncoding = 4; lastKnownFileType = sourcecode.c.h; path = UVHttpClient.h; sourceTree = "<group>"; };
		99C8F972192B4667007EFFC1 /* UVHttpClient.m */ = {isa = PBXFileReference; fileEncoding = 4; lastKnownFileType = sourcecode.c.objc; path = UVHttpClient.m; sourceTree = "<group>"; };
		99C8F973192B4667007EFFC1 /* UVRequest.h */ = {isa = PBXFileReference; fileEncoding = 4; lastKnownFileType = sourcecode.c.h; path = UVRequest.h; sourceTree = "<group>"; };
		99C8F974192B4667007EFFC1 /* UVRequest.m */ = {isa = PBXFileReference; fileEncoding = 4; lastKnownFileType = sourcecode.c.objc; path = UVRequest.m; sourceTree = "<group>"; };
		99C8F975192B4667007EFFC1 /* UVURLConnectionDataDelegate.h */ = {isa = PBXFileReference; fileEncoding = 4; lastKnownFileType = sourcecode.c.h; path = UVURLConnectionDataDelegate.h; sourceTree = "<group>"; };
		99C8F976192B4667007EFFC1 /* UVURLConnectionDataDelegate.m */ = {isa = PBXFileReference; fileEncoding = 4; lastKnownFileType = sourcecode.c.objc; path = UVURLConnectionDataDelegate.m; sourceTree = "<group>"; };
		99C8F978192B4667007EFFC1 /* UVUtils.h */ = {isa = PBXFileReference; fileEncoding = 4; lastKnownFileType = sourcecode.c.h; path = UVUtils.h; sourceTree = "<group>"; };
		99C8F979192B4667007EFFC1 /* UVUtils.m */ = {isa = PBXFileReference; fileEncoding = 4; lastKnownFileType = sourcecode.c.objc; path = UVUtils.m; sourceTree = "<group>"; };
		99D2ACB819F49C30006167AC /* UVSoap.h */ = {isa = PBXFileReference; fileEncoding = 4; lastKnownFileType = sourcecode.c.h; path = UVSoap.h; sourceTree = "<group>"; };
		99D2ACB919F49C30006167AC /* UVSoap.m */ = {isa = PBXFileReference; fileEncoding = 4; lastKnownFileType = sourcecode.c.objc; path = UVSoap.m; sourceTree = "<group>"; };
		99F26CE91929EB2700A684FF /* AVFoundation.framework */ = {isa = PBXFileReference; lastKnownFileType = wrapper.framework; name = AVFoundation.framework; path = System/Library/Frameworks/AVFoundation.framework; sourceTree = SDKROOT; };
		99F26CEB1929EB2F00A684FF /* AudioToolbox.framework */ = {isa = PBXFileReference; lastKnownFileType = wrapper.framework; name = AudioToolbox.framework; path = System/Library/Frameworks/AudioToolbox.framework; sourceTree = SDKROOT; };
		99F341DD1924A66000AA83D7 /* UIKit.framework */ = {isa = PBXFileReference; lastKnownFileType = wrapper.framework; name = UIKit.framework; path = System/Library/Frameworks/UIKit.framework; sourceTree = SDKROOT; };
/* End PBXFileReference section */

/* Begin PBXFrameworksBuildPhase section */
		991FA95518CEB551007024CB /* Frameworks */ = {
			isa = PBXFrameworksBuildPhase;
			buildActionMask = 2147483647;
			files = (
				99F26CEC1929EB2F00A684FF /* AudioToolbox.framework in Frameworks */,
				99F26CEA1929EB2700A684FF /* AVFoundation.framework in Frameworks */,
				99F341DE1924A66000AA83D7 /* UIKit.framework in Frameworks */,
				991FA95C18CEB551007024CB /* Foundation.framework in Frameworks */,
			);
			runOnlyForDeploymentPostprocessing = 0;
		};
		991FA96518CEB551007024CB /* Frameworks */ = {
			isa = PBXFrameworksBuildPhase;
			buildActionMask = 2147483647;
			files = (
				991FA96A18CEB551007024CB /* XCTest.framework in Frameworks */,
				991FA96D18CEB551007024CB /* UIKit.framework in Frameworks */,
				991FA97018CEB551007024CB /* libUVCocoaLibrary.a in Frameworks */,
				991FA96B18CEB551007024CB /* Foundation.framework in Frameworks */,
			);
			runOnlyForDeploymentPostprocessing = 0;
		};
/* End PBXFrameworksBuildPhase section */

/* Begin PBXGroup section */
		7F823A8C1B9FC8C800B1F68D /* ThirdLibrary */ = {
			isa = PBXGroup;
			children = (
				7F823A8D1B9FC8C800B1F68D /* FDMS */,
				7F823A981B9FC8C800B1F68D /* iToast */,
				7F823A9C1B9FC8C800B1F68D /* MBProgressHUD */,
				7F823AA41B9FC8C800B1F68D /* UIView+Toast.h */,
				7F823AA51B9FC8C800B1F68D /* UIView+Toast.m */,
				7F823AA61B9FC8C800B1F68D /* WYPopoverController */,
				7F823AAB1B9FC8C800B1F68D /* XMLReader */,
			);
			path = ThirdLibrary;
			sourceTree = "<group>";
		};
		7F823A8D1B9FC8C800B1F68D /* FDMS */ = {
			isa = PBXGroup;
			children = (
				7F823A8E1B9FC8C800B1F68D /* FMDatabase.h */,
				7F823A8F1B9FC8C800B1F68D /* FMDatabase.m */,
				7F823A901B9FC8C800B1F68D /* FMDatabaseAdditions.h */,
				7F823A911B9FC8C800B1F68D /* FMDatabaseAdditions.m */,
				7F823A921B9FC8C800B1F68D /* FMDatabasePool.h */,
				7F823A931B9FC8C800B1F68D /* FMDatabasePool.m */,
				7F823A941B9FC8C800B1F68D /* FMDatabaseQueue.h */,
				7F823A951B9FC8C800B1F68D /* FMDatabaseQueue.m */,
				7F823A961B9FC8C800B1F68D /* FMResultSet.h */,
				7F823A971B9FC8C800B1F68D /* FMResultSet.m */,
			);
			path = FDMS;
			sourceTree = "<group>";
		};
		7F823A981B9FC8C800B1F68D /* iToast */ = {
			isa = PBXGroup;
			children = (
				7F823A991B9FC8C800B1F68D /* iToast.h */,
				7F823A9A1B9FC8C800B1F68D /* iToast.m */,
				7F823A9B1B9FC8C800B1F68D /* README.md */,
			);
			path = iToast;
			sourceTree = "<group>";
		};
		7F823A9C1B9FC8C800B1F68D /* MBProgressHUD */ = {
			isa = PBXGroup;
			children = (
				7F823A9D1B9FC8C800B1F68D /* 37x-Checkmark@2x.png */,
				7F823A9E1B9FC8C800B1F68D /* hub_icon_alarm@2x.png */,
				7F823A9F1B9FC8C800B1F68D /* hub_icon_error@2x.png */,
				7F823AA01B9FC8C800B1F68D /* hub_icon_notice@2x.png */,
				7F823AA11B9FC8C800B1F68D /* hub_icon_success@2x.png */,
				7F823AA21B9FC8C800B1F68D /* MBProgressHUD.h */,
				7F823AA31B9FC8C800B1F68D /* MBProgressHUD.m */,
			);
			path = MBProgressHUD;
			sourceTree = "<group>";
		};
		7F823AA61B9FC8C800B1F68D /* WYPopoverController */ = {
			isa = PBXGroup;
			children = (
				7F823AA71B9FC8C800B1F68D /* WYPopoverController.h */,
				7F823AA81B9FC8C800B1F68D /* WYPopoverController.m */,
				7F823AA91B9FC8C800B1F68D /* WYStoryboardPopoverSegue.h */,
				7F823AAA1B9FC8C800B1F68D /* WYStoryboardPopoverSegue.m */,
			);
			path = WYPopoverController;
			sourceTree = "<group>";
		};
		7F823AAB1B9FC8C800B1F68D /* XMLReader */ = {
			isa = PBXGroup;
			children = (
				7F823AAC1B9FC8C800B1F68D /* XMLReader.h */,
				7F823AAD1B9FC8C800B1F68D /* XMLReader.m */,
			);
			path = XMLReader;
			sourceTree = "<group>";
		};
		991FA94F18CEB551007024CB = {
			isa = PBXGroup;
			children = (
				7F823A8C1B9FC8C800B1F68D /* ThirdLibrary */,
				991FA95D18CEB551007024CB /* UVCocoaLibrary */,
				991FA97118CEB551007024CB /* UVCocoaLibraryTests */,
				991FA95A18CEB551007024CB /* Frameworks */,
				991FA95918CEB551007024CB /* Products */,
			);
			sourceTree = "<group>";
		};
		991FA95918CEB551007024CB /* Products */ = {
			isa = PBXGroup;
			children = (
				991FA95818CEB551007024CB /* libUVCocoaLibrary.a */,
				991FA96818CEB551007024CB /* UVCocoaLibraryTests.xctest */,
			);
			name = Products;
			sourceTree = "<group>";
		};
		991FA95A18CEB551007024CB /* Frameworks */ = {
			isa = PBXGroup;
			children = (
				99F26CEB1929EB2F00A684FF /* AudioToolbox.framework */,
				99F26CE91929EB2700A684FF /* AVFoundation.framework */,
				99F341DD1924A66000AA83D7 /* UIKit.framework */,
				992C915C18E2C042001AC980 /* libz.dylib */,
				992C915A18E2C037001AC980 /* SystemConfiguration.framework */,
				992C915818E2C01E001AC980 /* CFNetwork.framework */,
				992C915618E2BFA6001AC980 /* MobileCoreServices.framework */,
				991FA95B18CEB551007024CB /* Foundation.framework */,
				991FA96918CEB551007024CB /* XCTest.framework */,
				991FA96C18CEB551007024CB /* UIKit.framework */,
			);
			name = Frameworks;
			sourceTree = "<group>";
		};
		991FA95D18CEB551007024CB /* UVCocoaLibrary */ = {
			isa = PBXGroup;
			children = (
				99C8F960192B4667007EFFC1 /* Database */,
				99C8F967192B4667007EFFC1 /* Include */,
				99C8F96A192B4667007EFFC1 /* Media */,
				99C8F96D192B4667007EFFC1 /* Model */,
				99C8F970192B4667007EFFC1 /* Request */,
				99C8F977192B4667007EFFC1 /* Utils */,
				99C8F95C192B4440007EFFC1 /* Widget */,
				99C8F939192B4337007EFFC1 /* Category */,
				99A1A6B018DC40DB00E1970F /* UVCocoaLibrary.h */,
				991FA95E18CEB551007024CB /* Supporting Files */,
			);
			path = UVCocoaLibrary;
			sourceTree = "<group>";
		};
		991FA95E18CEB551007024CB /* Supporting Files */ = {
			isa = PBXGroup;
			children = (
				991FA95F18CEB551007024CB /* UVCocoaLibrary-Prefix.pch */,
			);
			name = "Supporting Files";
			sourceTree = "<group>";
		};
		991FA97118CEB551007024CB /* UVCocoaLibraryTests */ = {
			isa = PBXGroup;
			children = (
				991FA97718CEB551007024CB /* UVCocoaLibraryTests.m */,
				991FA97218CEB551007024CB /* Supporting Files */,
			);
			path = UVCocoaLibraryTests;
			sourceTree = "<group>";
		};
		991FA97218CEB551007024CB /* Supporting Files */ = {
			isa = PBXGroup;
			children = (
				991FA97318CEB551007024CB /* UVCocoaLibraryTests-Info.plist */,
				991FA97418CEB551007024CB /* InfoPlist.strings */,
			);
			name = "Supporting Files";
			sourceTree = "<group>";
		};
		99C8F939192B4337007EFFC1 /* Category */ = {
			isa = PBXGroup;
			children = (
				9930E06C1949A038000CE95C /* FontAwesome.ttf */,
				9930E06D1949A038000CE95C /* NSString+FontAwesome.h */,
				9930E06E1949A038000CE95C /* NSString+FontAwesome.m */,
				9930E06F1949A038000CE95C /* UIButton+Bootstrap.h */,
				9930E0701949A038000CE95C /* UIButton+Bootstrap.m */,
				99C8F93A192B4337007EFFC1 /* NSObject+UVObjects.h */,
				99C8F93B192B4337007EFFC1 /* NSObject+UVObjects.m */,
				99C8F93C192B4337007EFFC1 /* operationbox_text@2x.png */,
				99C8F93D192B4337007EFFC1 /* readme.txt */,
				99C8F93E192B4337007EFFC1 /* UIColor+Utils.h */,
				99C8F93F192B4337007EFFC1 /* UIColor+Utils.m */,
				99C8F942192B4337007EFFC1 /* UIImage+Utils.h */,
				99C8F943192B4337007EFFC1 /* UIImage+Utils.m */,
				99C8F946192B4337007EFFC1 /* UITableView+Utils.h */,
				99C8F947192B4337007EFFC1 /* UITableView+Utils.m */,
				99C8F948192B4337007EFFC1 /* UITextField+shadow.h */,
				99C8F949192B4337007EFFC1 /* UITextField+shadow.m */,
				99C8F94A192B4337007EFFC1 /* UIView+Shake.h */,
				99C8F94B192B4337007EFFC1 /* UIView+Shake.m */,
				99C8F94C192B4337007EFFC1 /* UIView+Utils.h */,
				99C8F94D192B4337007EFFC1 /* UIView+Utils.m */,
				99C8F94E192B4337007EFFC1 /* UIViewController+Utils.h */,
				99C8F94F192B4337007EFFC1 /* UIViewController+Utils.m */,
				7F6D0C4A1B704E7D00A15571 /* UIImageView+Utils.h */,
				7F6D0C4B1B704E7D00A15571 /* UIImageView+Utils.m */,
				7F6D0CF31B731DAC00A15571 /* NSDate+Utils.h */,
				7F6D0CF41B731DAC00A15571 /* NSDate+Utils.m */,
				7F0D50161B8D8A8B0017359F /* NSString+UVUtils.h */,
				7F0D50171B8D8A8B0017359F /* NSString+UVUtils.m */,
				7F1498671B95890C00950789 /* UIScrollView+UVUtils.h */,
				7F1498681B95890C00950789 /* UIScrollView+UVUtils.m */,
				7F7C43D01BA186F900E54B4B /* NSMutableArray+UVUtils.h */,
				7F7C43D11BA186F900E54B4B /* NSMutableArray+UVUtils.m */,
			);
			path = Category;
			sourceTree = SOURCE_ROOT;
		};
		99C8F95C192B4440007EFFC1 /* Widget */ = {
			isa = PBXGroup;
			children = (
				7F00E1201BE1F310006AFE9F /* UVModelView.h */,
				7F00E1211BE1F310006AFE9F /* UVModelView.m */,
				99B4001A193D9851002224A5 /* UVActivityIndicatorView.h */,
				99B4001B193D9851002224A5 /* UVActivityIndicatorView.m */,
				99C8F95D192B4440007EFFC1 /* UVMenuButton.h */,
				99C8F95E192B4440007EFFC1 /* UVMenuButton.m */,
				8161ED121BBB81C6003BC918 /* UVScrollView.h */,
				8161ED131BBB81C6003BC918 /* UVScrollView.m */,
				8161ED151BBB898A003BC918 /* UVPageScrollView.h */,
				8161ED161BBB898A003BC918 /* UVPageScrollView.m */,
				7F182DA01BF47CD400D55C3C /* UVToolbarDatepickerView.h */,
				7F182DA11BF47CD400D55C3C /* UVToolbarDatepickerView.m */,
			);
			path = Widget;
			sourceTree = SOURCE_ROOT;
		};
		99C8F960192B4667007EFFC1 /* Database */ = {
			isa = PBXGroup;
			children = (
				99C8F961192B4667007EFFC1 /* UVFMDatabase.h */,
				99C8F962192B4667007EFFC1 /* UVFMDatabase.m */,
				99C8F963192B4667007EFFC1 /* UVIdEntity.h */,
				99C8F964192B4667007EFFC1 /* UVIdEntity.m */,
				99C8F965192B4667007EFFC1 /* UVTables.h */,
				99C8F966192B4667007EFFC1 /* UVTables.m */,
			);
			path = Database;
			sourceTree = SOURCE_ROOT;
		};
		99C8F967192B4667007EFFC1 /* Include */ = {
			isa = PBXGroup;
			children = (
				99C8F968192B4667007EFFC1 /* UVConest.h */,
			);
			path = Include;
			sourceTree = SOURCE_ROOT;
		};
		99C8F96A192B4667007EFFC1 /* Media */ = {
			isa = PBXGroup;
			children = (
				99C8F96B192B4667007EFFC1 /* UVAudio.h */,
				99C8F96C192B4667007EFFC1 /* UVAudio.m */,
			);
			path = Media;
			sourceTree = SOURCE_ROOT;
		};
		99C8F96D192B4667007EFFC1 /* Model */ = {
			isa = PBXGroup;
			children = (
				99C8F96E192B4667007EFFC1 /* UVError.h */,
				99C8F96F192B4667007EFFC1 /* UVError.m */,
			);
			path = Model;
			sourceTree = SOURCE_ROOT;
		};
		99C8F970192B4667007EFFC1 /* Request */ = {
			isa = PBXGroup;
			children = (
				99C8F971192B4667007EFFC1 /* UVHttpClient.h */,
				99C8F972192B4667007EFFC1 /* UVHttpClient.m */,
				99C8F973192B4667007EFFC1 /* UVRequest.h */,
				99C8F974192B4667007EFFC1 /* UVRequest.m */,
				99C8F975192B4667007EFFC1 /* UVURLConnectionDataDelegate.h */,
				99C8F976192B4667007EFFC1 /* UVURLConnectionDataDelegate.m */,
				99D2ACB819F49C30006167AC /* UVSoap.h */,
				99D2ACB919F49C30006167AC /* UVSoap.m */,
			);
			path = Request;
			sourceTree = SOURCE_ROOT;
		};
		99C8F977192B4667007EFFC1 /* Utils */ = {
			isa = PBXGroup;
			children = (
				814FD2D01B5739D600A96FDC /* UVDevice.h */,
				814FD2D11B5739D600A96FDC /* UVDevice.m */,
				814FD2D21B5739D600A96FDC /* UVLogger.h */,
				814FD2D31B5739D600A96FDC /* UVLogger.m */,
				99C8F978192B4667007EFFC1 /* UVUtils.h */,
				99C8F979192B4667007EFFC1 /* UVUtils.m */,
				7F6D0DFD1B7C9AA100A15571 /* UVCache.h */,
				7F6D0DFE1B7C9AA100A15571 /* UVCache.m */,
				7F0D50191B8DA94A0017359F /* UVValidate.h */,
				7F0D501A1B8DA94A0017359F /* UVValidate.m */,
				7FCB28F71BF2105000F4C291 /* UVFileManage.h */,
				7FCB28F81BF2105000F4C291 /* UVFileManage.m */,
			);
			path = Utils;
			sourceTree = SOURCE_ROOT;
		};
/* End PBXGroup section */

/* Begin PBXNativeTarget section */
		991FA95718CEB551007024CB /* UVCocoaLibrary */ = {
			isa = PBXNativeTarget;
			buildConfigurationList = 991FA97B18CEB551007024CB /* Build configuration list for PBXNativeTarget "UVCocoaLibrary" */;
			buildPhases = (
				991FA95418CEB551007024CB /* Sources */,
				991FA95518CEB551007024CB /* Frameworks */,
				991FA95618CEB551007024CB /* Copy Files */,
			);
			buildRules = (
			);
			dependencies = (
			);
			name = UVCocoaLibrary;
			productName = UVCocoaLibrary;
			productReference = 991FA95818CEB551007024CB /* libUVCocoaLibrary.a */;
			productType = "com.apple.product-type.library.static";
		};
		991FA96718CEB551007024CB /* UVCocoaLibraryTests */ = {
			isa = PBXNativeTarget;
			buildConfigurationList = 991FA97E18CEB551007024CB /* Build configuration list for PBXNativeTarget "UVCocoaLibraryTests" */;
			buildPhases = (
				991FA96418CEB551007024CB /* Sources */,
				991FA96518CEB551007024CB /* Frameworks */,
				991FA96618CEB551007024CB /* Resources */,
			);
			buildRules = (
			);
			dependencies = (
				991FA96F18CEB551007024CB /* PBXTargetDependency */,
			);
			name = UVCocoaLibraryTests;
			productName = UVCocoaLibraryTests;
			productReference = 991FA96818CEB551007024CB /* UVCocoaLibraryTests.xctest */;
			productType = "com.apple.product-type.bundle.unit-test";
		};
/* End PBXNativeTarget section */

/* Begin PBXProject section */
		991FA95018CEB551007024CB /* Project object */ = {
			isa = PBXProject;
			attributes = {
				LastUpgradeCheck = 0600;
				ORGANIZATIONNAME = Uniview;
			};
			buildConfigurationList = 991FA95318CEB551007024CB /* Build configuration list for PBXProject "UVCocoaLibrary" */;
			compatibilityVersion = "Xcode 3.2";
			developmentRegion = English;
			hasScannedForEncodings = 0;
			knownRegions = (
				en,
			);
			mainGroup = 991FA94F18CEB551007024CB;
			productRefGroup = 991FA95918CEB551007024CB /* Products */;
			projectDirPath = "";
			projectRoot = "";
			targets = (
				991FA95718CEB551007024CB /* UVCocoaLibrary */,
				991FA96718CEB551007024CB /* UVCocoaLibraryTests */,
			);
		};
/* End PBXProject section */

/* Begin PBXResourcesBuildPhase section */
		991FA96618CEB551007024CB /* Resources */ = {
			isa = PBXResourcesBuildPhase;
			buildActionMask = 2147483647;
			files = (
				991FA97618CEB551007024CB /* InfoPlist.strings in Resources */,
			);
			runOnlyForDeploymentPostprocessing = 0;
		};
/* End PBXResourcesBuildPhase section */

/* Begin PBXSourcesBuildPhase section */
		991FA95418CEB551007024CB /* Sources */ = {
			isa = PBXSourcesBuildPhase;
			buildActionMask = 2147483647;
			files = (
				7F823AB31B9FC8C800B1F68D /* iToast.m in Sources */,
				99C8F981192B4667007EFFC1 /* UVURLConnectionDataDelegate.m in Sources */,
				99C8F959192B4337007EFFC1 /* UIViewController+Utils.m in Sources */,
				7F6D0CF51B731DAC00A15571 /* NSDate+Utils.m in Sources */,
				99C8F97B192B4667007EFFC1 /* UVIdEntity.m in Sources */,
				7F823AB91B9FC8C800B1F68D /* XMLReader.m in Sources */,
				8161ED141BBB81C6003BC918 /* UVScrollView.m in Sources */,
				99C8F958192B4337007EFFC1 /* UIView+Utils.m in Sources */,
				99B4001C193D9851002224A5 /* UVActivityIndicatorView.m in Sources */,
				99C8F97C192B4667007EFFC1 /* UVTables.m in Sources */,
				7F823AB81B9FC8C800B1F68D /* WYStoryboardPopoverSegue.m in Sources */,
				7F00E1221BE1F310006AFE9F /* UVModelView.m in Sources */,
				99C8F957192B4337007EFFC1 /* UIView+Shake.m in Sources */,
				814FD2D51B5739D600A96FDC /* UVLogger.m in Sources */,
				8161ED171BBB898A003BC918 /* UVPageScrollView.m in Sources */,
				99C8F97A192B4667007EFFC1 /* UVFMDatabase.m in Sources */,
				7F823AB11B9FC8C800B1F68D /* FMDatabaseQueue.m in Sources */,
				99C8F982192B4667007EFFC1 /* UVUtils.m in Sources */,
				7F823AB01B9FC8C800B1F68D /* FMDatabasePool.m in Sources */,
				99C8F951192B4337007EFFC1 /* UIColor+Utils.m in Sources */,
				99C8F97F192B4667007EFFC1 /* UVHttpClient.m in Sources */,
				7F823AB61B9FC8C800B1F68D /* UIView+Toast.m in Sources */,
				9930E0721949A038000CE95C /* UIButton+Bootstrap.m in Sources */,
				7F182DA21BF47CD400D55C3C /* UVToolbarDatepickerView.m in Sources */,
				814FD2D41B5739D600A96FDC /* UVDevice.m in Sources */,
				99D2ACBA19F49C30006167AC /* UVSoap.m in Sources */,
				7F823AB41B9FC8C800B1F68D /* README.md in Sources */,
				7F823AAF1B9FC8C800B1F68D /* FMDatabaseAdditions.m in Sources */,
				7F0D50181B8D8A8B0017359F /* NSString+UVUtils.m in Sources */,
				99C8F95F192B4440007EFFC1 /* UVMenuButton.m in Sources */,
				7F823AB21B9FC8C800B1F68D /* FMResultSet.m in Sources */,
				7F823AAE1B9FC8C800B1F68D /* FMDatabase.m in Sources */,
				7F6D0DFF1B7C9AA100A15571 /* UVCache.m in Sources */,
				99C8F956192B4337007EFFC1 /* UITextField+shadow.m in Sources */,
				7F823AB71B9FC8C800B1F68D /* WYPopoverController.m in Sources */,
				7F1498691B95890C00950789 /* UIScrollView+UVUtils.m in Sources */,
				99C8F97E192B4667007EFFC1 /* UVError.m in Sources */,
				7F7C43D21BA186F900E54B4B /* NSMutableArray+UVUtils.m in Sources */,
				99C8F955192B4337007EFFC1 /* UITableView+Utils.m in Sources */,
				99C8F950192B4337007EFFC1 /* NSObject+UVObjects.m in Sources */,
				7F6D0C4C1B704E7D00A15571 /* UIImageView+Utils.m in Sources */,
				99C8F953192B4337007EFFC1 /* UIImage+Utils.m in Sources */,
				7F823AB51B9FC8C800B1F68D /* MBProgressHUD.m in Sources */,
				7F0D501B1B8DA94A0017359F /* UVValidate.m in Sources */,
				9930E0711949A038000CE95C /* NSString+FontAwesome.m in Sources */,
				7FCB28F91BF2105000F4C291 /* UVFileManage.m in Sources */,
				99C8F97D192B4667007EFFC1 /* UVAudio.m in Sources */,
				99C8F980192B4667007EFFC1 /* UVRequest.m in Sources */,
			);
			runOnlyForDeploymentPostprocessing = 0;
		};
		991FA96418CEB551007024CB /* Sources */ = {
			isa = PBXSourcesBuildPhase;
			buildActionMask = 2147483647;
			files = (
				991FA97818CEB551007024CB /* UVCocoaLibraryTests.m in Sources */,
			);
			runOnlyForDeploymentPostprocessing = 0;
		};
/* End PBXSourcesBuildPhase section */

/* Begin PBXTargetDependency section */
		991FA96F18CEB551007024CB /* PBXTargetDependency */ = {
			isa = PBXTargetDependency;
			target = 991FA95718CEB551007024CB /* UVCocoaLibrary */;
			targetProxy = 991FA96E18CEB551007024CB /* PBXContainerItemProxy */;
		};
/* End PBXTargetDependency section */

/* Begin PBXVariantGroup section */
		991FA97418CEB551007024CB /* InfoPlist.strings */ = {
			isa = PBXVariantGroup;
			children = (
				991FA97518CEB551007024CB /* en */,
			);
			name = InfoPlist.strings;
			sourceTree = "<group>";
		};
/* End PBXVariantGroup section */

/* Begin XCBuildConfiguration section */
		7FD43DFD1BD8FED80047FD5E /* Profile */ = {
			isa = XCBuildConfiguration;
			buildSettings = {
				ALWAYS_SEARCH_USER_PATHS = NO;
				CLANG_CXX_LANGUAGE_STANDARD = "gnu++0x";
				CLANG_CXX_LIBRARY = "libc++";
				CLANG_ENABLE_MODULES = YES;
				CLANG_ENABLE_OBJC_ARC = YES;
				CLANG_WARN_BOOL_CONVERSION = YES;
				CLANG_WARN_CONSTANT_CONVERSION = YES;
				CLANG_WARN_DIRECT_OBJC_ISA_USAGE = YES_ERROR;
				CLANG_WARN_EMPTY_BODY = YES;
				CLANG_WARN_ENUM_CONVERSION = YES;
				CLANG_WARN_INT_CONVERSION = YES;
				CLANG_WARN_OBJC_ROOT_CLASS = YES_ERROR;
				CLANG_WARN__DUPLICATE_METHOD_MATCH = YES;
				CODE_SIGN_IDENTITY = "";
				COPY_PHASE_STRIP = YES;
				ENABLE_NS_ASSERTIONS = NO;
				GCC_C_LANGUAGE_STANDARD = gnu99;
				GCC_WARN_64_TO_32_BIT_CONVERSION = YES;
				GCC_WARN_ABOUT_RETURN_TYPE = YES_ERROR;
				GCC_WARN_UNDECLARED_SELECTOR = YES;
				GCC_WARN_UNINITIALIZED_AUTOS = YES;
				GCC_WARN_UNUSED_FUNCTION = YES;
				GCC_WARN_UNUSED_VARIABLE = YES;
				IPHONEOS_DEPLOYMENT_TARGET = 5.1;
				PROVISIONING_PROFILE = "";
				SDKROOT = iphoneos;
				SYMROOT = "$(SRCROOT)/build";
				VALIDATE_PRODUCT = YES;
			};
			name = Profile;
		};
		7FD43DFE1BD8FED80047FD5E /* Profile */ = {
			isa = XCBuildConfiguration;
			buildSettings = {
				CODE_SIGN_IDENTITY = "";
				DSTROOT = /tmp/UVCocoaLibrary.dst;
				GCC_PRECOMPILE_PREFIX_HEADER = YES;
				GCC_PREFIX_HEADER = "UVCocoaLibrary/UVCocoaLibrary-Prefix.pch";
				HEADER_SEARCH_PATHS = (
					"$(SRCROOT)/../AirIMOSIphoneSDK/AirIMOSIphoneSDK/AirIMOSIphoneSDK",
					"$(inherited)",
				);
				OTHER_LDFLAGS = "-ObjC";
				PRODUCT_NAME = "$(TARGET_NAME)";
				PROVISIONING_PROFILE = "";
				SKIP_INSTALL = YES;
				SYMROOT = "$(SRCROOT)/build";
			};
			name = Profile;
		};
		7FD43DFF1BD8FED80047FD5E /* Profile */ = {
			isa = XCBuildConfiguration;
			buildSettings = {
				FRAMEWORK_SEARCH_PATHS = (
					"$(SDKROOT)/Developer/Library/Frameworks",
					"$(inherited)",
					"$(DEVELOPER_FRAMEWORKS_DIR)",
				);
				GCC_PRECOMPILE_PREFIX_HEADER = YES;
				GCC_PREFIX_HEADER = "UVCocoaLibrary/UVCocoaLibrary-Prefix.pch";
				INFOPLIST_FILE = "UVCocoaLibraryTests/UVCocoaLibraryTests-Info.plist";
				PRODUCT_NAME = "$(TARGET_NAME)";
				WRAPPER_EXTENSION = xctest;
			};
			name = Profile;
		};
		991FA97918CEB551007024CB /* Debug */ = {
			isa = XCBuildConfiguration;
			buildSettings = {
				ALWAYS_SEARCH_USER_PATHS = NO;
				CLANG_CXX_LANGUAGE_STANDARD = "gnu++0x";
				CLANG_CXX_LIBRARY = "libc++";
				CLANG_ENABLE_MODULES = YES;
				CLANG_ENABLE_OBJC_ARC = YES;
				CLANG_WARN_BOOL_CONVERSION = YES;
				CLANG_WARN_CONSTANT_CONVERSION = YES;
				CLANG_WARN_DIRECT_OBJC_ISA_USAGE = YES_ERROR;
				CLANG_WARN_EMPTY_BODY = YES;
				CLANG_WARN_ENUM_CONVERSION = YES;
				CLANG_WARN_INT_CONVERSION = YES;
				CLANG_WARN_OBJC_ROOT_CLASS = YES_ERROR;
				CLANG_WARN__DUPLICATE_METHOD_MATCH = YES;
				CODE_SIGN_IDENTITY = "";
				COPY_PHASE_STRIP = NO;
				GCC_C_LANGUAGE_STANDARD = gnu99;
				GCC_DYNAMIC_NO_PIC = NO;
				GCC_OPTIMIZATION_LEVEL = 0;
				GCC_PREPROCESSOR_DEFINITIONS = (
					"DEBUG=1",
					"$(inherited)",
				);
				GCC_SYMBOLS_PRIVATE_EXTERN = NO;
				GCC_WARN_64_TO_32_BIT_CONVERSION = YES;
				GCC_WARN_ABOUT_RETURN_TYPE = YES_ERROR;
				GCC_WARN_UNDECLARED_SELECTOR = YES;
				GCC_WARN_UNINITIALIZED_AUTOS = YES;
				GCC_WARN_UNUSED_FUNCTION = YES;
				GCC_WARN_UNUSED_VARIABLE = YES;
				IPHONEOS_DEPLOYMENT_TARGET = 5.1;
				ONLY_ACTIVE_ARCH = YES;
				PROVISIONING_PROFILE = "";
				SDKROOT = iphoneos;
				SYMROOT = "$(SRCROOT)/build";
			};
			name = Debug;
		};
		991FA97A18CEB551007024CB /* Release */ = {
			isa = XCBuildConfiguration;
			buildSettings = {
				ALWAYS_SEARCH_USER_PATHS = NO;
				CLANG_CXX_LANGUAGE_STANDARD = "gnu++0x";
				CLANG_CXX_LIBRARY = "libc++";
				CLANG_ENABLE_MODULES = YES;
				CLANG_ENABLE_OBJC_ARC = YES;
				CLANG_WARN_BOOL_CONVERSION = YES;
				CLANG_WARN_CONSTANT_CONVERSION = YES;
				CLANG_WARN_DIRECT_OBJC_ISA_USAGE = YES_ERROR;
				CLANG_WARN_EMPTY_BODY = YES;
				CLANG_WARN_ENUM_CONVERSION = YES;
				CLANG_WARN_INT_CONVERSION = YES;
				CLANG_WARN_OBJC_ROOT_CLASS = YES_ERROR;
				CLANG_WARN__DUPLICATE_METHOD_MATCH = YES;
				CODE_SIGN_IDENTITY = "";
				COPY_PHASE_STRIP = YES;
				ENABLE_NS_ASSERTIONS = NO;
				GCC_C_LANGUAGE_STANDARD = gnu99;
				GCC_WARN_64_TO_32_BIT_CONVERSION = YES;
				GCC_WARN_ABOUT_RETURN_TYPE = YES_ERROR;
				GCC_WARN_UNDECLARED_SELECTOR = YES;
				GCC_WARN_UNINITIALIZED_AUTOS = YES;
				GCC_WARN_UNUSED_FUNCTION = YES;
				GCC_WARN_UNUSED_VARIABLE = YES;
				IPHONEOS_DEPLOYMENT_TARGET = 5.1;
				PROVISIONING_PROFILE = "";
				SDKROOT = iphoneos;
				SYMROOT = "$(SRCROOT)/build";
				VALIDATE_PRODUCT = YES;
			};
			name = Release;
		};
		991FA97C18CEB551007024CB /* Debug */ = {
			isa = XCBuildConfiguration;
			buildSettings = {
				CODE_SIGN_IDENTITY = "";
				CONFIGURATION_TEMP_DIR = "$(PROJECT_TEMP_DIR)/$(CONFIGURATION)$(EFFECTIVE_PLATFORM_NAME)";
				DSTROOT = /tmp/UVCocoaLibrary.dst;
				GCC_PRECOMPILE_PREFIX_HEADER = YES;
				GCC_PREFIX_HEADER = "UVCocoaLibrary/UVCocoaLibrary-Prefix.pch";
				HEADER_SEARCH_PATHS = (
					"$(SRCROOT)/../AirIMOSIphoneSDK/AirIMOSIphoneSDK/AirIMOSIphoneSDK",
					"$(inherited)",
				);
				OTHER_LDFLAGS = "-ObjC";
				PRODUCT_NAME = "$(TARGET_NAME)";
				PROVISIONING_PROFILE = "";
				SKIP_INSTALL = YES;
				SYMROOT = "$(SRCROOT)/build";
			};
			name = Debug;
		};
		991FA97D18CEB551007024CB /* Release */ = {
			isa = XCBuildConfiguration;
			buildSettings = {
				CODE_SIGN_IDENTITY = "";
				DSTROOT = /tmp/UVCocoaLibrary.dst;
				GCC_PRECOMPILE_PREFIX_HEADER = YES;
				GCC_PREFIX_HEADER = "UVCocoaLibrary/UVCocoaLibrary-Prefix.pch";
				HEADER_SEARCH_PATHS = (
					"$(SRCROOT)/../AirIMOSIphoneSDK/AirIMOSIphoneSDK/AirIMOSIphoneSDK",
					"$(inherited)",
				);
				OTHER_LDFLAGS = "-ObjC";
				PRODUCT_NAME = "$(TARGET_NAME)";
				PROVISIONING_PROFILE = "";
				SKIP_INSTALL = YES;
				SYMROOT = "$(SRCROOT)/build";
			};
			name = Release;
		};
		991FA97F18CEB551007024CB /* Debug */ = {
			isa = XCBuildConfiguration;
			buildSettings = {
				FRAMEWORK_SEARCH_PATHS = (
					"$(SDKROOT)/Developer/Library/Frameworks",
					"$(inherited)",
					"$(DEVELOPER_FRAMEWORKS_DIR)",
				);
				GCC_PRECOMPILE_PREFIX_HEADER = YES;
				GCC_PREFIX_HEADER = "UVCocoaLibrary/UVCocoaLibrary-Prefix.pch";
				GCC_PREPROCESSOR_DEFINITIONS = (
					"DEBUG=1",
					"$(inherited)",
				);
				INFOPLIST_FILE = "UVCocoaLibraryTests/UVCocoaLibraryTests-Info.plist";
				PRODUCT_NAME = "$(TARGET_NAME)";
				WRAPPER_EXTENSION = xctest;
			};
			name = Debug;
		};
		991FA98018CEB551007024CB /* Release */ = {
			isa = XCBuildConfiguration;
			buildSettings = {
				FRAMEWORK_SEARCH_PATHS = (
					"$(SDKROOT)/Developer/Library/Frameworks",
					"$(inherited)",
					"$(DEVELOPER_FRAMEWORKS_DIR)",
				);
				GCC_PRECOMPILE_PREFIX_HEADER = YES;
				GCC_PREFIX_HEADER = "UVCocoaLibrary/UVCocoaLibrary-Prefix.pch";
				INFOPLIST_FILE = "UVCocoaLibraryTests/UVCocoaLibraryTests-Info.plist";
				PRODUCT_NAME = "$(TARGET_NAME)";
				WRAPPER_EXTENSION = xctest;
			};
			name = Release;
		};
/* End XCBuildConfiguration section */

/* Begin XCConfigurationList section */
		991FA95318CEB551007024CB /* Build configuration list for PBXProject "UVCocoaLibrary" */ = {
			isa = XCConfigurationList;
			buildConfigurations = (
				991FA97918CEB551007024CB /* Debug */,
				991FA97A18CEB551007024CB /* Release */,
				7FD43DFD1BD8FED80047FD5E /* Profile */,
			);
			defaultConfigurationIsVisible = 0;
			defaultConfigurationName = Release;
		};
		991FA97B18CEB551007024CB /* Build configuration list for PBXNativeTarget "UVCocoaLibrary" */ = {
			isa = XCConfigurationList;
			buildConfigurations = (
				991FA97C18CEB551007024CB /* Debug */,
				991FA97D18CEB551007024CB /* Release */,
				7FD43DFE1BD8FED80047FD5E /* Profile */,
			);
			defaultConfigurationIsVisible = 0;
			defaultConfigurationName = Release;
		};
		991FA97E18CEB551007024CB /* Build configuration list for PBXNativeTarget "UVCocoaLibraryTests" */ = {
			isa = XCConfigurationList;
			buildConfigurations = (
				991FA97F18CEB551007024CB /* Debug */,
				991FA98018CEB551007024CB /* Release */,
				7FD43DFF1BD8FED80047FD5E /* Profile */,
			);
			defaultConfigurationIsVisible = 0;
			defaultConfigurationName = Release;
		};
/* End XCConfigurationList section */
	};
	rootObject = 991FA95018CEB551007024CB /* Project object */;
}
